
Microsoft Visual Studio Solution File, Format Version 12.00
# Visual Studio Version 17
VisualStudioVersion = 17.0.31912.275
MinimumVisualStudioVersion = 10.0.40219.1
Project("{FAE04EC0-301F-11D3-BF4B-00C04F79EFBC}") = "LonelyInteger", "LonelyInteger\LonelyInteger.csproj", "{D050615C-20A6-418A-93C6-08F5914F02D7}"
EndProject
Global
	GlobalSection(SolutionConfigurationPlatforms) = preSolution
		Debug|Any CPU = Debug|Any CPU
		Release|Any CPU = Release|Any CPU
	EndGlobalSection
	GlobalSection(ProjectConfigurationPlatforms) = postSolution
		{D050615C-20A6-418A-93C6-08F5914F02D7}.Debug|Any CPU.ActiveCfg = Debug|Any CPU
		{D050615C-20A6-418A-93C6-08F5914F02D7}.Debug|Any CPU.Build.0 = Debug|Any CPU
		{D050615C-20A6-418A-93C6-08F5914F02D7}.Release|Any CPU.ActiveCfg = Release|Any CPU
		{D050615C-20A6-418A-93C6-08F5914F02D7}.Release|Any CPU.Build.0 = Release|Any CPU
	EndGlobalSection
	GlobalSection(SolutionProperties) = preSolution
		HideSolutionNode = FALSE
	EndGlobalSection
	GlobalSection(ExtensibilityGlobals) = postSolution
		SolutionGuid = {75C7A8E9-06B7-4B53-908E-ADA76F9159AF}
	EndGlobalSection
EndGlobal
